github.com/chunni/fiptoml v0.0.0-20150825004433-6b149b2bf4ba h1:+ofyp80hECIPWTTQL6KONEvJO0t3BAJQDPoeepMUWlM=
github.com/chunni/fiptoml v0.0.0-20150825004433-6b149b2bf4ba/go.mod h1:4/GfNQCaT/fvT5qVjCmk13hcdO2MokOIutficlnCDb0=
github.com/evanw/esbuild v0.15.8 h1:Ni0KzuqahtvggzCRHyj/nAU7VFjv88SIMFxQmHtKYoI=
github.com/evanw/esbuild v0.15.8/go.mod h1:iINY06rn799hi48UqEnaQvVfZWe6W9bET78LbvN8VWk=
github.com/mattn/go-zglob v0.0.3 h1:6Ry4EYsScDyt5di4OI6xw1bYhOqfE5S33Z1OPy+d+To=
github.com/mattn/go-zglob v0.0.3/go.mod h1:9fxibJccNxU2cnpIKLRRFA7zX7qhkJIQWBb449FYHOo=
golang.org/x/sys v0.0.0-20220715151400-c0bba94af5f8/go.mod h1:oPkhp1MJrh7nUepCBck5+mAzfO9JrbApNNgaTdGDITg=
golang.org/x/sys v0.0.0-20220919091848-fb04ddd9f9c8 h1:h+EGohizhe9XlX18rfpa8k8RAc5XyaeamM+0VHRd4lc=
golang.org/x/sys v0.0.0-20220919091848-fb04ddd9f9c8/go.mod h1:oPkhp1MJrh7nUepCBck5+mAzfO9JrbApNNgaTdGDITg=
